{
  "name": "workspace-to-dock",
  "version": "0.0.0",
  "lockfileVersion": 3,
  "requires": true,
  "packages": {
    "": {
      "name": "workspace-to-dock",
      "version": "0.0.0",
      "license": "LGPL-3.0-or-later",
      "dependencies": {
        "@girs/gjs": "^4.0.0-beta.38",
        "@girs/gnome-shell": "^49.1.0"
      },
      "devDependencies": {
        "typescript": "^5.9.3"
      }
    },
    "node_modules/@girs/accountsservice-1.0": {
      "version": "1.0.0-4.0.0-beta.38",
      "resolved": "https://registry.npmjs.org/@girs/accountsservice-1.0/-/accountsservice-1.0-1.0.0-4.0.0-beta.38.tgz",
      "integrity": "sha512-6QzytM5dztmMynF2bxN73EuNK9ArMFxkP2L8wUC7IH45zBeBOfYcqL85BFh2PmkGmqRk+Rli5EFR8dAkx3Ig5Q==",
      "license": "MIT",
      "dependencies": {
        "@girs/gio-2.0": "2.86.0-4.0.0-beta.38",
        "@girs/gjs": "4.0.0-beta.38",
        "@girs/glib-2.0": "2.86.0-4.0.0-beta.38",
        "@girs/gmodule-2.0": "2.0.0-4.0.0-beta.38",
        "@girs/gobject-2.0": "2.86.0-4.0.0-beta.38"
      }
    },
    "node_modules/@girs/adw-1": {
      "version": "1.9.0-4.0.0-beta.38",
      "resolved": "https://registry.npmjs.org/@girs/adw-1/-/adw-1-1.9.0-4.0.0-beta.38.tgz",
      "integrity": "sha512-d9tPlKWLpI3gEz72s1G3tX57nNCQjLopOy6I3CNucOmqlF2PFC4f+Ubq8BOMrVFqbTOl/HkAu7vfGuRP+FjHNQ==",
      "license": "MIT",
      "dependencies": {
        "@girs/cairo-1.0": "1.0.0-4.0.0-beta.38",
        "@girs/freetype2-2.0": "2.0.0-4.0.0-beta.38",
        "@girs/gdk-4.0": "4.0.0-4.0.0-beta.38",
        "@girs/gdkpixbuf-2.0": "2.0.0-4.0.0-beta.38",
        "@girs/gio-2.0": "2.86.0-4.0.0-beta.38",
        "@girs/gjs": "4.0.0-beta.38",
        "@girs/glib-2.0": "2.86.0-4.0.0-beta.38",
        "@girs/gmodule-2.0": "2.0.0-4.0.0-beta.38",
        "@girs/gobject-2.0": "2.86.0-4.0.0-beta.38",
        "@girs/graphene-1.0": "1.0.0-4.0.0-beta.38",
        "@girs/gsk-4.0": "4.0.0-4.0.0-beta.38",
        "@girs/gtk-4.0": "4.20.1-4.0.0-beta.38",
        "@girs/harfbuzz-0.0": "11.5.0-4.0.0-beta.38",
        "@girs/pango-1.0": "1.57.0-4.0.0-beta.38",
        "@girs/pangocairo-1.0": "1.0.0-4.0.0-beta.38"
      }
    },
    "node_modules/@girs/atk-1.0": {
      "version": "2.58.0-4.0.0-beta.38",
      "resolved": "https://registry.npmjs.org/@girs/atk-1.0/-/atk-1.0-2.58.0-4.0.0-beta.38.tgz",
      "integrity": "sha512-rfLlLlAecHE1uAqK81DHZT27E1nVwN/pAHtgbgDUcu70UdHoCYAsQymLjk/tuDcTX0Lwp6U9x6w+GHG1sbYlQA==",
      "license": "MIT",
      "dependencies": {
        "@girs/gjs": "4.0.0-beta.38",
        "@girs/glib-2.0": "2.86.0-4.0.0-beta.38",
        "@girs/gobject-2.0": "2.86.0-4.0.0-beta.38"
      }
    },
    "node_modules/@girs/cairo-1.0": {
      "version": "1.0.0-4.0.0-beta.38",
      "resolved": "https://registry.npmjs.org/@girs/cairo-1.0/-/cairo-1.0-1.0.0-4.0.0-beta.38.tgz",
      "integrity": "sha512-VJa0vw9teZjCydDzWIcbNBwT37MSej52rqwBuQ/ir7+72+7dpzeudkNOOif1nDIulGu+RLAy4cgWbguQhsUH/Q==",
      "license": "MIT",
      "dependencies": {
        "@girs/gjs": "4.0.0-beta.38",
        "@girs/glib-2.0": "2.86.0-4.0.0-beta.38",
        "@girs/gobject-2.0": "2.86.0-4.0.0-beta.38"
      }
    },
    "node_modules/@girs/clutter-17": {
      "version": "17.0.0-4.0.0-beta.38",
      "resolved": "https://registry.npmjs.org/@girs/clutter-17/-/clutter-17-17.0.0-4.0.0-beta.38.tgz",
      "integrity": "sha512-RMEuc08wCaqIc3UcGdJr183kcN7VD0Q2v5WLczK9/Hn2gfo7xcc+BWjPcsSu4SuBpJPwF248jc+2IBbdXBGbCA==",
      "license": "MIT",
      "dependencies": {
        "@girs/atk-1.0": "2.58.0-4.0.0-beta.38",
        "@girs/cairo-1.0": "1.0.0-4.0.0-beta.38",
        "@girs/cogl-17": "17.0.0-4.0.0-beta.38",
        "@girs/freetype2-2.0": "2.0.0-4.0.0-beta.38",
        "@girs/gio-2.0": "2.86.0-4.0.0-beta.38",
        "@girs/gjs": "4.0.0-beta.38",
        "@girs/gl-1.0": "1.0.0-4.0.0-beta.38",
        "@girs/glib-2.0": "2.86.0-4.0.0-beta.38",
        "@girs/gmodule-2.0": "2.0.0-4.0.0-beta.38",
        "@girs/gobject-2.0": "2.86.0-4.0.0-beta.38",
        "@girs/graphene-1.0": "1.0.0-4.0.0-beta.38",
        "@girs/harfbuzz-0.0": "11.5.0-4.0.0-beta.38",
        "@girs/mtk-17": "17.0.0-4.0.0-beta.38",
        "@girs/pango-1.0": "1.57.0-4.0.0-beta.38"
      }
    },
    "node_modules/@girs/cogl-17": {
      "version": "17.0.0-4.0.0-beta.38",
      "resolved": "https://registry.npmjs.org/@girs/cogl-17/-/cogl-17-17.0.0-4.0.0-beta.38.tgz",
      "integrity": "sha512-fj4lZ07ZfcOwXAE/orU6cfP3Tlf1LUhfEgVFE3CAQs6nfSOtWzPYDzcaWmg4fYd6CA7iP1NmXh3slCxhzcbuJg==",
      "license": "MIT",
      "dependencies": {
        "@girs/gjs": "4.0.0-beta.38",
        "@girs/gl-1.0": "1.0.0-4.0.0-beta.38",
        "@girs/glib-2.0": "2.86.0-4.0.0-beta.38",
        "@girs/gobject-2.0": "2.86.0-4.0.0-beta.38",
        "@girs/graphene-1.0": "1.0.0-4.0.0-beta.38",
        "@girs/mtk-17": "17.0.0-4.0.0-beta.38"
      }
    },
    "node_modules/@girs/cogl-2.0": {
      "version": "2.0.0-4.0.0-beta.38",
      "resolved": "https://registry.npmjs.org/@girs/cogl-2.0/-/cogl-2.0-2.0.0-4.0.0-beta.38.tgz",
      "integrity": "sha512-CgCDd2htvMjLXkUaDrfpFhpw7XVBs9eEQpNVXhU6A8NXxN/FetLt7y9sPiwSWtlL3WYxLqO3Zn0hKR5j7CRAVA==",
      "license": "MIT",
      "dependencies": {
        "@girs/gjs": "4.0.0-beta.38",
        "@girs/gl-1.0": "1.0.0-4.0.0-beta.38",
        "@girs/glib-2.0": "2.86.0-4.0.0-beta.38",
        "@girs/gobject-2.0": "2.86.0-4.0.0-beta.38"
      }
    },
    "node_modules/@girs/freetype2-2.0": {
      "version": "2.0.0-4.0.0-beta.38",
      "resolved": "https://registry.npmjs.org/@girs/freetype2-2.0/-/freetype2-2.0-2.0.0-4.0.0-beta.38.tgz",
      "integrity": "sha512-543dlQheKHSVWIatqHNBiLceIWYzIJDXvofR3PfgarKMMi0IRkn1TndzxUxsLC4Eu24KgOKGZYjU1YPUMVGbgg==",
      "license": "MIT",
      "dependencies": {
        "@girs/gjs": "4.0.0-beta.38",
        "@girs/gobject-2.0": "2.86.0-4.0.0-beta.38"
      }
    },
    "node_modules/@girs/gck-2": {
      "version": "4.4.0-4.0.0-beta.38",
      "resolved": "https://registry.npmjs.org/@girs/gck-2/-/gck-2-4.4.0-4.0.0-beta.38.tgz",
      "integrity": "sha512-yy8TDv4G4SsM1U7sfKf07A01YxD5DpUN4eHEQodj6NzgXogdaeS/vmM7clChedlw0LkOebn68JVIfTja3rJLJw==",
      "license": "MIT",
      "dependencies": {
        "@girs/gio-2.0": "2.86.0-4.0.0-beta.38",
        "@girs/gjs": "4.0.0-beta.38",
        "@girs/glib-2.0": "2.86.0-4.0.0-beta.38",
        "@girs/gmodule-2.0": "2.0.0-4.0.0-beta.38",
        "@girs/gobject-2.0": "2.86.0-4.0.0-beta.38"
      }
    },
    "node_modules/@girs/gcr-4": {
      "version": "4.4.0-4.0.0-beta.38",
      "resolved": "https://registry.npmjs.org/@girs/gcr-4/-/gcr-4-4.4.0-4.0.0-beta.38.tgz",
      "integrity": "sha512-dGEWwPhGWRBNgoI/TzX0whcGsKEbx9VXAcOWJdyHiB7HUefeECWxGHlcWK8NZD6mr0jhln+RjFiv/tB1QKUUDw==",
      "license": "MIT",
      "dependencies": {
        "@girs/gck-2": "4.4.0-4.0.0-beta.38",
        "@girs/gio-2.0": "2.86.0-4.0.0-beta.38",
        "@girs/gjs": "4.0.0-beta.38",
        "@girs/glib-2.0": "2.86.0-4.0.0-beta.38",
        "@girs/gmodule-2.0": "2.0.0-4.0.0-beta.38",
        "@girs/gobject-2.0": "2.86.0-4.0.0-beta.38"
      }
    },
    "node_modules/@girs/gdesktopenums-3.0": {
      "version": "3.0.0-4.0.0-beta.38",
      "resolved": "https://registry.npmjs.org/@girs/gdesktopenums-3.0/-/gdesktopenums-3.0-3.0.0-4.0.0-beta.38.tgz",
      "integrity": "sha512-wOwzQ6Q2RQxuWY/oe4yiDqtNV2TrLosteu698asWum4R3BLRIks3oVOghpTMlgKeA54fkvqOQ165E1OOAoW8YQ==",
      "license": "MIT",
      "dependencies": {
        "@girs/gjs": "4.0.0-beta.38",
        "@girs/gobject-2.0": "2.86.0-4.0.0-beta.38"
      }
    },
    "node_modules/@girs/gdk-4.0": {
      "version": "4.0.0-4.0.0-beta.38",
      "resolved": "https://registry.npmjs.org/@girs/gdk-4.0/-/gdk-4.0-4.0.0-4.0.0-beta.38.tgz",
      "integrity": "sha512-hk6SG4pCcezKp2VNxJc0TC1gkZe3C8shD8sRQ3bUGyWl/9581WM2/8UU+W6fOf3SwXA1hquN6d3SjKbqkFNRKg==",
      "license": "MIT",
      "dependencies": {
        "@girs/cairo-1.0": "1.0.0-4.0.0-beta.38",
        "@girs/freetype2-2.0": "2.0.0-4.0.0-beta.38",
        "@girs/gdkpixbuf-2.0": "2.0.0-4.0.0-beta.38",
        "@girs/gio-2.0": "2.86.0-4.0.0-beta.38",
        "@girs/gjs": "4.0.0-beta.38",
        "@girs/glib-2.0": "2.86.0-4.0.0-beta.38",
        "@girs/gmodule-2.0": "2.0.0-4.0.0-beta.38",
        "@girs/gobject-2.0": "2.86.0-4.0.0-beta.38",
        "@girs/harfbuzz-0.0": "11.5.0-4.0.0-beta.38",
        "@girs/pango-1.0": "1.57.0-4.0.0-beta.38",
        "@girs/pangocairo-1.0": "1.0.0-4.0.0-beta.38"
      }
    },
    "node_modules/@girs/gdkpixbuf-2.0": {
      "version": "2.0.0-4.0.0-beta.38",
      "resolved": "https://registry.npmjs.org/@girs/gdkpixbuf-2.0/-/gdkpixbuf-2.0-2.0.0-4.0.0-beta.38.tgz",
      "integrity": "sha512-L8NE18rhj100lRGMnf7lNUdr6pHw2co1UtExxDnglba5lNee4NoyF/u8g4Mk3toPU0fAu+ug91HJ4o2mIJd7MQ==",
      "license": "MIT",
      "dependencies": {
        "@girs/gio-2.0": "2.86.0-4.0.0-beta.38",
        "@girs/gjs": "4.0.0-beta.38",
        "@girs/glib-2.0": "2.86.0-4.0.0-beta.38",
        "@girs/gmodule-2.0": "2.0.0-4.0.0-beta.38",
        "@girs/gobject-2.0": "2.86.0-4.0.0-beta.38"
      }
    },
    "node_modules/@girs/gdm-1.0": {
      "version": "1.0.0-4.0.0-beta.38",
      "resolved": "https://registry.npmjs.org/@girs/gdm-1.0/-/gdm-1.0-1.0.0-4.0.0-beta.38.tgz",
      "integrity": "sha512-THhxqOlt75mv3PmmLMe0Y5wdXIf0XbIIKuBuScSFO+3Vp5sgHJz+UXfktVzwKKCTN4PkAU01zBlMW6gRsyLsQA==",
      "license": "MIT",
      "dependencies": {
        "@girs/gio-2.0": "2.86.0-4.0.0-beta.38",
        "@girs/gjs": "4.0.0-beta.38",
        "@girs/glib-2.0": "2.86.0-4.0.0-beta.38",
        "@girs/gmodule-2.0": "2.0.0-4.0.0-beta.38",
        "@girs/gobject-2.0": "2.86.0-4.0.0-beta.38"
      }
    },
    "node_modules/@girs/gio-2.0": {
      "version": "2.86.0-4.0.0-beta.38",
      "resolved": "https://registry.npmjs.org/@girs/gio-2.0/-/gio-2.0-2.86.0-4.0.0-beta.38.tgz",
      "integrity": "sha512-hKCyDEqSIgqcZeFf63KNrUnrYtAuJ0yfIypbdLgNEMbJBPQ/e3ZiwzWa7i3OPCh52Cnl9qYRdj8MSbZndpyZiQ==",
      "license": "MIT",
      "dependencies": {
        "@girs/gjs": "4.0.0-beta.38",
        "@girs/glib-2.0": "2.86.0-4.0.0-beta.38",
        "@girs/gmodule-2.0": "2.0.0-4.0.0-beta.38",
        "@girs/gobject-2.0": "2.86.0-4.0.0-beta.38"
      }
    },
    "node_modules/@girs/giounix-2.0": {
      "version": "2.0.0-4.0.0-beta.38",
      "resolved": "https://registry.npmjs.org/@girs/giounix-2.0/-/giounix-2.0-2.0.0-4.0.0-beta.38.tgz",
      "integrity": "sha512-dSEbx3f/qFQTJLDFYy8DK5YRMtNc3RnWTuTaaKVN8FMeTiJRLVED+uv5LLR1zvjGac0R1mg0wqpwRTybVhfUXA==",
      "license": "MIT",
      "dependencies": {
        "@girs/gio-2.0": "2.86.0-4.0.0-beta.38",
        "@girs/gjs": "4.0.0-beta.38",
        "@girs/glib-2.0": "2.86.0-4.0.0-beta.38",
        "@girs/gmodule-2.0": "2.0.0-4.0.0-beta.38",
        "@girs/gobject-2.0": "2.86.0-4.0.0-beta.38"
      }
    },
    "node_modules/@girs/gjs": {
      "version": "4.0.0-beta.38",
      "resolved": "https://registry.npmjs.org/@girs/gjs/-/gjs-4.0.0-beta.38.tgz",
      "integrity": "sha512-eI/9lfI1mQpXN8RsKiNRFWJso6LgQe9Eb+YxLAdKarD5fccvIRx3chsyIyhw5tYH7VvgaZkqm1c4GX7pDDokBQ==",
      "license": "MIT",
      "dependencies": {
        "@girs/cairo-1.0": "1.0.0-4.0.0-beta.38",
        "@girs/gio-2.0": "2.86.0-4.0.0-beta.38",
        "@girs/glib-2.0": "2.86.0-4.0.0-beta.38",
        "@girs/gobject-2.0": "2.86.0-4.0.0-beta.38"
      }
    },
    "node_modules/@girs/gl-1.0": {
      "version": "1.0.0-4.0.0-beta.38",
      "resolved": "https://registry.npmjs.org/@girs/gl-1.0/-/gl-1.0-1.0.0-4.0.0-beta.38.tgz",
      "integrity": "sha512-ZcqPtWLEoaQraYgfhpk8tUAOCVp4aSOBdr+7XB/HhmTiG80hLktc11n1ETPFlTfeUhsnvBLhejZBax9diWLVcg==",
      "license": "MIT",
      "dependencies": {
        "@girs/gjs": "4.0.0-beta.38",
        "@girs/gobject-2.0": "2.86.0-4.0.0-beta.38"
      }
    },
    "node_modules/@girs/glib-2.0": {
      "version": "2.86.0-4.0.0-beta.38",
      "resolved": "https://registry.npmjs.org/@girs/glib-2.0/-/glib-2.0-2.86.0-4.0.0-beta.38.tgz",
      "integrity": "sha512-TFbrh5+Y3pb61synbhi37VrRzh0e+JQaRCzfGbe7oewUq0v7Sb8eSi2Fmj98r5tCizaRYptqgt6bxG7G5cFzVg==",
      "license": "MIT",
      "dependencies": {
        "@girs/gjs": "4.0.0-beta.38",
        "@girs/gobject-2.0": "2.86.0-4.0.0-beta.38"
      }
    },
    "node_modules/@girs/gmodule-2.0": {
      "version": "2.0.0-4.0.0-beta.38",
      "resolved": "https://registry.npmjs.org/@girs/gmodule-2.0/-/gmodule-2.0-2.0.0-4.0.0-beta.38.tgz",
      "integrity": "sha512-BmspJtwdBSfCJRZQMxn3gx6H9FNcoqCebFXK2UKknq18DIo8U2q4iN/jQBWPoLh2siK9LhCdL2egoyXteTy1NA==",
      "license": "MIT",
      "dependencies": {
        "@girs/gjs": "4.0.0-beta.38",
        "@girs/glib-2.0": "2.86.0-4.0.0-beta.38",
        "@girs/gobject-2.0": "2.86.0-4.0.0-beta.38"
      }
    },
    "node_modules/@girs/gnome-shell": {
      "version": "49.1.0",
      "resolved": "https://registry.npmjs.org/@girs/gnome-shell/-/gnome-shell-49.1.0.tgz",
      "integrity": "sha512-14Re6+DIrozWOErzW9fqvTAn0o9/1rMZuSDQ7BPIC+MYxmNmIlqzjo0kecbkXMN4ZY1zRpgfahbkiFwjJYZmfQ==",
      "license": "MIT",
      "dependencies": {
        "@girs/accountsservice-1.0": "1.0.0-4.0.0-beta.38",
        "@girs/adw-1": "^1.9.0-4.0.0-beta.38",
        "@girs/atk-1.0": "^2.58.0-4.0.0-beta.38",
        "@girs/clutter-17": "^17.0.0-4.0.0-beta.38",
        "@girs/cogl-2.0": "^2.0.0-4.0.0-beta.38",
        "@girs/gcr-4": "^4.4.0-4.0.0-beta.38",
        "@girs/gdm-1.0": "^1.0.0-4.0.0-beta.38",
        "@girs/gio-2.0": "^2.86.0-4.0.0-beta.38",
        "@girs/giounix-2.0": "^2.0.0-4.0.0-beta.38",
        "@girs/gjs": "^4.0.0-beta.38",
        "@girs/glib-2.0": "^2.86.0-4.0.0-beta.38",
        "@girs/gnomebg-4.0": "^4.0.0-4.0.0-beta.38",
        "@girs/gnomebluetooth-3.0": "^3.0.0-4.0.0-beta.38",
        "@girs/gnomedesktop-4.0": "^4.0.0-4.0.0-beta.38",
        "@girs/gobject-2.0": "^2.86.0-4.0.0-beta.38",
        "@girs/gtk-4.0": "^4.20.1-4.0.0-beta.38",
        "@girs/gvc-1.0": "^1.0.0-4.0.0-beta.38",
        "@girs/meta-17": "^17.0.0-4.0.0-beta.38",
        "@girs/mtk-17": "^17.0.0-4.0.0-beta.38",
        "@girs/polkit-1.0": "^1.0.0-4.0.0-beta.38",
        "@girs/shell-17": "^17.0.0-4.0.0-beta.38",
        "@girs/shew-0": "^0.0.0-4.0.0-beta.38",
        "@girs/st-17": "^17.0.0-4.0.0-beta.38",
        "@girs/upowerglib-1.0": "^0.99.1-4.0.0-beta.38"
      }
    },
    "node_modules/@girs/gnomebg-4.0": {
      "version": "4.0.0-4.0.0-beta.38",
      "resolved": "https://registry.npmjs.org/@girs/gnomebg-4.0/-/gnomebg-4.0-4.0.0-4.0.0-beta.38.tgz",
      "integrity": "sha512-cTJIgX9ybCUIXJ0yDaBRICIAHoApqcjDdtSgbbYJQdRs7HCGPocblA9UP7Bmp155U/p4UIR2WMqpS+ttVbWBew==",
      "license": "MIT",
      "dependencies": {
        "@girs/cairo-1.0": "1.0.0-4.0.0-beta.38",
        "@girs/freetype2-2.0": "2.0.0-4.0.0-beta.38",
        "@girs/gdesktopenums-3.0": "3.0.0-4.0.0-beta.38",
        "@girs/gdk-4.0": "4.0.0-4.0.0-beta.38",
        "@girs/gdkpixbuf-2.0": "2.0.0-4.0.0-beta.38",
        "@girs/gio-2.0": "2.86.0-4.0.0-beta.38",
        "@girs/gjs": "4.0.0-beta.38",
        "@girs/glib-2.0": "2.86.0-4.0.0-beta.38",
        "@girs/gmodule-2.0": "2.0.0-4.0.0-beta.38",
        "@girs/gnomedesktop-4.0": "4.0.0-4.0.0-beta.38",
        "@girs/gobject-2.0": "2.86.0-4.0.0-beta.38",
        "@girs/harfbuzz-0.0": "11.5.0-4.0.0-beta.38",
        "@girs/pango-1.0": "1.57.0-4.0.0-beta.38",
        "@girs/pangocairo-1.0": "1.0.0-4.0.0-beta.38"
      }
    },
    "node_modules/@girs/gnomebluetooth-3.0": {
      "version": "3.0.0-4.0.0-beta.38",
      "resolved": "https://registry.npmjs.org/@girs/gnomebluetooth-3.0/-/gnomebluetooth-3.0-3.0.0-4.0.0-beta.38.tgz",
      "integrity": "sha512-39h4y38Rw2BvMWj190zJhDoT5Ehnh4XsX5vqt1Ix88oFOtZ7hdxVQWJ4Vxg0nYMwKN3SIqGA1KeaGcwfeOYVXQ==",
      "license": "MIT",
      "dependencies": {
        "@girs/gio-2.0": "2.86.0-4.0.0-beta.38",
        "@girs/gjs": "4.0.0-beta.38",
        "@girs/glib-2.0": "2.86.0-4.0.0-beta.38",
        "@girs/gmodule-2.0": "2.0.0-4.0.0-beta.38",
        "@girs/gobject-2.0": "2.86.0-4.0.0-beta.38"
      }
    },
    "node_modules/@girs/gnomedesktop-4.0": {
      "version": "4.0.0-4.0.0-beta.38",
      "resolved": "https://registry.npmjs.org/@girs/gnomedesktop-4.0/-/gnomedesktop-4.0-4.0.0-4.0.0-beta.38.tgz",
      "integrity": "sha512-dVeHh4R3HlWQ1Up9N1V09cMiOXst073WQFJ3pJfmJ45RkbJLLlNZrLjO5+e1GUyF9Bq1NzDgTBOUR4xCIIW6dw==",
      "license": "MIT",
      "dependencies": {
        "@girs/gdesktopenums-3.0": "3.0.0-4.0.0-beta.38",
        "@girs/gdkpixbuf-2.0": "2.0.0-4.0.0-beta.38",
        "@girs/gio-2.0": "2.86.0-4.0.0-beta.38",
        "@girs/gjs": "4.0.0-beta.38",
        "@girs/glib-2.0": "2.86.0-4.0.0-beta.38",
        "@girs/gmodule-2.0": "2.0.0-4.0.0-beta.38",
        "@girs/gobject-2.0": "2.86.0-4.0.0-beta.38"
      }
    },
    "node_modules/@girs/gobject-2.0": {
      "version": "2.86.0-4.0.0-beta.38",
      "resolved": "https://registry.npmjs.org/@girs/gobject-2.0/-/gobject-2.0-2.86.0-4.0.0-beta.38.tgz",
      "integrity": "sha512-oYrm6Gb/tCQosMkN8Beu5jqGRkJ7LED4O1H1dKYOI4SnP1Ojb66A9ECy78yTO8piBtMopsbRODV81yKniVtKKA==",
      "license": "MIT",
      "dependencies": {
        "@girs/gjs": "4.0.0-beta.38",
        "@girs/glib-2.0": "2.86.0-4.0.0-beta.38"
      }
    },
    "node_modules/@girs/graphene-1.0": {
      "version": "1.0.0-4.0.0-beta.38",
      "resolved": "https://registry.npmjs.org/@girs/graphene-1.0/-/graphene-1.0-1.0.0-4.0.0-beta.38.tgz",
      "integrity": "sha512-zqCyLXFqsOJtCnwUR6lI6HBVdaJ6aKsA25y+6xK2dFO/NChOjH0hmBuVyTQiyLe+4jGW700o+uYIYlrpEXT/7Q==",
      "license": "MIT",
      "dependencies": {
        "@girs/gjs": "4.0.0-beta.38",
        "@girs/glib-2.0": "2.86.0-4.0.0-beta.38",
        "@girs/gobject-2.0": "2.86.0-4.0.0-beta.38"
      }
    },
    "node_modules/@girs/gsk-4.0": {
      "version": "4.0.0-4.0.0-beta.38",
      "resolved": "https://registry.npmjs.org/@girs/gsk-4.0/-/gsk-4.0-4.0.0-4.0.0-beta.38.tgz",
      "integrity": "sha512-BfYpVfmKjD7Tq58W5p9fcU6Mvg3QcNRjJ1oQn05d/Xk1rjQmsk6tkcTkK3i/KIOhA9eVadQsMlFFWuN0KBE5Dw==",
      "license": "MIT",
      "dependencies": {
        "@girs/cairo-1.0": "1.0.0-4.0.0-beta.38",
        "@girs/freetype2-2.0": "2.0.0-4.0.0-beta.38",
        "@girs/gdk-4.0": "4.0.0-4.0.0-beta.38",
        "@girs/gdkpixbuf-2.0": "2.0.0-4.0.0-beta.38",
        "@girs/gio-2.0": "2.86.0-4.0.0-beta.38",
        "@girs/gjs": "4.0.0-beta.38",
        "@girs/glib-2.0": "2.86.0-4.0.0-beta.38",
        "@girs/gmodule-2.0": "2.0.0-4.0.0-beta.38",
        "@girs/gobject-2.0": "2.86.0-4.0.0-beta.38",
        "@girs/graphene-1.0": "1.0.0-4.0.0-beta.38",
        "@girs/harfbuzz-0.0": "11.5.0-4.0.0-beta.38",
        "@girs/pango-1.0": "1.57.0-4.0.0-beta.38",
        "@girs/pangocairo-1.0": "1.0.0-4.0.0-beta.38"
      }
    },
    "node_modules/@girs/gtk-4.0": {
      "version": "4.20.1-4.0.0-beta.38",
      "resolved": "https://registry.npmjs.org/@girs/gtk-4.0/-/gtk-4.0-4.20.1-4.0.0-beta.38.tgz",
      "integrity": "sha512-lNujJDta1YK3/9Inp5HrtF/JOMN5EmD+3U7diRTyWNzc2KdaN2jO2mk90taaGK28xhoCC+VESkFkQAgFTwZXWw==",
      "license": "MIT",
      "dependencies": {
        "@girs/cairo-1.0": "1.0.0-4.0.0-beta.38",
        "@girs/freetype2-2.0": "2.0.0-4.0.0-beta.38",
        "@girs/gdk-4.0": "4.0.0-4.0.0-beta.38",
        "@girs/gdkpixbuf-2.0": "2.0.0-4.0.0-beta.38",
        "@girs/gio-2.0": "2.86.0-4.0.0-beta.38",
        "@girs/gjs": "4.0.0-beta.38",
        "@girs/glib-2.0": "2.86.0-4.0.0-beta.38",
        "@girs/gmodule-2.0": "2.0.0-4.0.0-beta.38",
        "@girs/gobject-2.0": "2.86.0-4.0.0-beta.38",
        "@girs/graphene-1.0": "1.0.0-4.0.0-beta.38",
        "@girs/gsk-4.0": "4.0.0-4.0.0-beta.38",
        "@girs/harfbuzz-0.0": "11.5.0-4.0.0-beta.38",
        "@girs/pango-1.0": "1.57.0-4.0.0-beta.38",
        "@girs/pangocairo-1.0": "1.0.0-4.0.0-beta.38"
      }
    },
    "node_modules/@girs/gvc-1.0": {
      "version": "1.0.0-4.0.0-beta.38",
      "resolved": "https://registry.npmjs.org/@girs/gvc-1.0/-/gvc-1.0-1.0.0-4.0.0-beta.38.tgz",
      "integrity": "sha512-AUJ+6Aj7y9Q/3RYTCQJBtr1sckUodwJaE3ue1Ap7bCOy/ybiZdCGlucJqSfpT8B3VV5SUztqlxEcOhyGgpvtNQ==",
      "license": "MIT",
      "dependencies": {
        "@girs/gio-2.0": "2.86.0-4.0.0-beta.38",
        "@girs/gjs": "4.0.0-beta.38",
        "@girs/glib-2.0": "2.86.0-4.0.0-beta.38",
        "@girs/gmodule-2.0": "2.0.0-4.0.0-beta.38",
        "@girs/gobject-2.0": "2.86.0-4.0.0-beta.38"
      }
    },
    "node_modules/@girs/harfbuzz-0.0": {
      "version": "11.5.0-4.0.0-beta.38",
      "resolved": "https://registry.npmjs.org/@girs/harfbuzz-0.0/-/harfbuzz-0.0-11.5.0-4.0.0-beta.38.tgz",
      "integrity": "sha512-XRf/neZYpEkinNZ8SCRKIao3RNVJzMeYcjuO1b1tbqVCrN7uVZ+MIaDW5NjWKi0K6IQSyZWdDgkzrtOrIN4CWQ==",
      "license": "MIT",
      "dependencies": {
        "@girs/freetype2-2.0": "2.0.0-4.0.0-beta.38",
        "@girs/gjs": "4.0.0-beta.38",
        "@girs/glib-2.0": "2.86.0-4.0.0-beta.38",
        "@girs/gobject-2.0": "2.86.0-4.0.0-beta.38"
      }
    },
    "node_modules/@girs/meta-17": {
      "version": "17.0.0-4.0.0-beta.38",
      "resolved": "https://registry.npmjs.org/@girs/meta-17/-/meta-17-17.0.0-4.0.0-beta.38.tgz",
      "integrity": "sha512-mP2q0hcVSuEzdavw6Lp3X5dHnG5F5B37GN0JAKX8v3jnpJ28HlcrsadtW9SmCmX5EHDc5pVyslcnNoF3YD1fJQ==",
      "license": "MIT",
      "dependencies": {
        "@girs/atk-1.0": "2.58.0-4.0.0-beta.38",
        "@girs/cairo-1.0": "1.0.0-4.0.0-beta.38",
        "@girs/clutter-17": "17.0.0-4.0.0-beta.38",
        "@girs/cogl-17": "17.0.0-4.0.0-beta.38",
        "@girs/freetype2-2.0": "2.0.0-4.0.0-beta.38",
        "@girs/gdesktopenums-3.0": "3.0.0-4.0.0-beta.38",
        "@girs/gio-2.0": "2.86.0-4.0.0-beta.38",
        "@girs/gjs": "4.0.0-beta.38",
        "@girs/gl-1.0": "1.0.0-4.0.0-beta.38",
        "@girs/glib-2.0": "2.86.0-4.0.0-beta.38",
        "@girs/gmodule-2.0": "2.0.0-4.0.0-beta.38",
        "@girs/gobject-2.0": "2.86.0-4.0.0-beta.38",
        "@girs/graphene-1.0": "1.0.0-4.0.0-beta.38",
        "@girs/harfbuzz-0.0": "11.5.0-4.0.0-beta.38",
        "@girs/mtk-17": "17.0.0-4.0.0-beta.38",
        "@girs/pango-1.0": "1.57.0-4.0.0-beta.38",
        "@girs/xfixes-4.0": "4.0.0-4.0.0-beta.38",
        "@girs/xlib-2.0": "2.0.0-4.0.0-beta.38"
      }
    },
    "node_modules/@girs/mtk-17": {
      "version": "17.0.0-4.0.0-beta.38",
      "resolved": "https://registry.npmjs.org/@girs/mtk-17/-/mtk-17-17.0.0-4.0.0-beta.38.tgz",
      "integrity": "sha512-1uTef46Q2rjjsSaUXJnKdN3vZC8dktn1xX1mpwaTDbSyZ85Og9DGa95N1ZJFSRqmXuR3roYh6m5WxhoF59E9zA==",
      "license": "MIT",
      "dependencies": {
        "@girs/gjs": "4.0.0-beta.38",
        "@girs/glib-2.0": "2.86.0-4.0.0-beta.38",
        "@girs/gobject-2.0": "2.86.0-4.0.0-beta.38",
        "@girs/graphene-1.0": "1.0.0-4.0.0-beta.38"
      }
    },
    "node_modules/@girs/nm-1.0": {
      "version": "1.49.4-4.0.0-beta.38",
      "resolved": "https://registry.npmjs.org/@girs/nm-1.0/-/nm-1.0-1.49.4-4.0.0-beta.38.tgz",
      "integrity": "sha512-m0+qaufIW4LLrz7yx2qLCryF1Oq6MTzvLXb28KGv1iA99WVr+74ytGgUbvxCAh3fbPErSb1UCpemLr/7SmwT4g==",
      "license": "MIT",
      "dependencies": {
        "@girs/gio-2.0": "2.86.0-4.0.0-beta.38",
        "@girs/gjs": "4.0.0-beta.38",
        "@girs/glib-2.0": "2.86.0-4.0.0-beta.38",
        "@girs/gmodule-2.0": "2.0.0-4.0.0-beta.38",
        "@girs/gobject-2.0": "2.86.0-4.0.0-beta.38"
      }
    },
    "node_modules/@girs/pango-1.0": {
      "version": "1.57.0-4.0.0-beta.38",
      "resolved": "https://registry.npmjs.org/@girs/pango-1.0/-/pango-1.0-1.57.0-4.0.0-beta.38.tgz",
      "integrity": "sha512-fnTzVVhKb4XjGrnuqk9X++KDe2bk84Hg5472O2UrtIT1A6dzMS6gWhSvaw0ULZH/Ypj9WN12B0oceWynR6unLw==",
      "license": "MIT",
      "dependencies": {
        "@girs/cairo-1.0": "1.0.0-4.0.0-beta.38",
        "@girs/freetype2-2.0": "2.0.0-4.0.0-beta.38",
        "@girs/gio-2.0": "2.86.0-4.0.0-beta.38",
        "@girs/gjs": "4.0.0-beta.38",
        "@girs/glib-2.0": "2.86.0-4.0.0-beta.38",
        "@girs/gmodule-2.0": "2.0.0-4.0.0-beta.38",
        "@girs/gobject-2.0": "2.86.0-4.0.0-beta.38",
        "@girs/harfbuzz-0.0": "11.5.0-4.0.0-beta.38"
      }
    },
    "node_modules/@girs/pangocairo-1.0": {
      "version": "1.0.0-4.0.0-beta.38",
      "resolved": "https://registry.npmjs.org/@girs/pangocairo-1.0/-/pangocairo-1.0-1.0.0-4.0.0-beta.38.tgz",
      "integrity": "sha512-BY4rEgQW0H1c/24v+FGBjSZgZ6rk2Y4+ka9/WldUs74N1ZOh6nS4lHKUyy0antylQ7x0Fnw5UHgN0PbpdjkGuQ==",
      "license": "MIT",
      "dependencies": {
        "@girs/cairo-1.0": "1.0.0-4.0.0-beta.38",
        "@girs/freetype2-2.0": "2.0.0-4.0.0-beta.38",
        "@girs/gio-2.0": "2.86.0-4.0.0-beta.38",
        "@girs/gjs": "4.0.0-beta.38",
        "@girs/glib-2.0": "2.86.0-4.0.0-beta.38",
        "@girs/gmodule-2.0": "2.0.0-4.0.0-beta.38",
        "@girs/gobject-2.0": "2.86.0-4.0.0-beta.38",
        "@girs/harfbuzz-0.0": "11.5.0-4.0.0-beta.38",
        "@girs/pango-1.0": "1.57.0-4.0.0-beta.38"
      }
    },
    "node_modules/@girs/polkit-1.0": {
      "version": "1.0.0-4.0.0-beta.38",
      "resolved": "https://registry.npmjs.org/@girs/polkit-1.0/-/polkit-1.0-1.0.0-4.0.0-beta.38.tgz",
      "integrity": "sha512-jcz4/vUtchFQyM3OjSzpEAahsZ2/TGttgxcuxDeEGUMXrIjh7YC4w1oq2CLsRbTyVe843ZLNEkmR+dNGsAMfvQ==",
      "license": "MIT",
      "dependencies": {
        "@girs/gio-2.0": "2.86.0-4.0.0-beta.38",
        "@girs/gjs": "4.0.0-beta.38",
        "@girs/glib-2.0": "2.86.0-4.0.0-beta.38",
        "@girs/gmodule-2.0": "2.0.0-4.0.0-beta.38",
        "@girs/gobject-2.0": "2.86.0-4.0.0-beta.38"
      }
    },
    "node_modules/@girs/polkitagent-1.0": {
      "version": "1.0.0-4.0.0-beta.38",
      "resolved": "https://registry.npmjs.org/@girs/polkitagent-1.0/-/polkitagent-1.0-1.0.0-4.0.0-beta.38.tgz",
      "integrity": "sha512-I4v8/4ID0nGm7z6muGr3KxdavMFTEZbCw5vTXfenRx6hptIjed3XspExY4komxO03ImGUQ9e+bsC0g2gSvMesg==",
      "license": "MIT",
      "dependencies": {
        "@girs/gio-2.0": "2.86.0-4.0.0-beta.38",
        "@girs/gjs": "4.0.0-beta.38",
        "@girs/glib-2.0": "2.86.0-4.0.0-beta.38",
        "@girs/gmodule-2.0": "2.0.0-4.0.0-beta.38",
        "@girs/gobject-2.0": "2.86.0-4.0.0-beta.38",
        "@girs/polkit-1.0": "1.0.0-4.0.0-beta.38"
      }
    },
    "node_modules/@girs/shell-17": {
      "version": "17.0.0-4.0.0-beta.38",
      "resolved": "https://registry.npmjs.org/@girs/shell-17/-/shell-17-17.0.0-4.0.0-beta.38.tgz",
      "integrity": "sha512-9NKUpq55Sp1XTnu8qAOr6mD0fpMS080BZIWaEpD7RplI38GL0UOmusME5DBkrCtPYoL08ZrQDnBy5w8FYhaWIw==",
      "license": "MIT",
      "dependencies": {
        "@girs/atk-1.0": "2.58.0-4.0.0-beta.38",
        "@girs/cairo-1.0": "1.0.0-4.0.0-beta.38",
        "@girs/clutter-17": "17.0.0-4.0.0-beta.38",
        "@girs/cogl-17": "17.0.0-4.0.0-beta.38",
        "@girs/freetype2-2.0": "2.0.0-4.0.0-beta.38",
        "@girs/gck-2": "4.4.0-4.0.0-beta.38",
        "@girs/gcr-4": "4.4.0-4.0.0-beta.38",
        "@girs/gdesktopenums-3.0": "3.0.0-4.0.0-beta.38",
        "@girs/gdkpixbuf-2.0": "2.0.0-4.0.0-beta.38",
        "@girs/gio-2.0": "2.86.0-4.0.0-beta.38",
        "@girs/giounix-2.0": "2.0.0-4.0.0-beta.38",
        "@girs/gjs": "4.0.0-beta.38",
        "@girs/gl-1.0": "1.0.0-4.0.0-beta.38",
        "@girs/glib-2.0": "2.86.0-4.0.0-beta.38",
        "@girs/gmodule-2.0": "2.0.0-4.0.0-beta.38",
        "@girs/gobject-2.0": "2.86.0-4.0.0-beta.38",
        "@girs/graphene-1.0": "1.0.0-4.0.0-beta.38",
        "@girs/gvc-1.0": "1.0.0-4.0.0-beta.38",
        "@girs/harfbuzz-0.0": "11.5.0-4.0.0-beta.38",
        "@girs/meta-17": "17.0.0-4.0.0-beta.38",
        "@girs/mtk-17": "17.0.0-4.0.0-beta.38",
        "@girs/nm-1.0": "1.49.4-4.0.0-beta.38",
        "@girs/pango-1.0": "1.57.0-4.0.0-beta.38",
        "@girs/polkit-1.0": "1.0.0-4.0.0-beta.38",
        "@girs/polkitagent-1.0": "1.0.0-4.0.0-beta.38",
        "@girs/st-17": "17.0.0-4.0.0-beta.38",
        "@girs/xfixes-4.0": "4.0.0-4.0.0-beta.38",
        "@girs/xlib-2.0": "2.0.0-4.0.0-beta.38"
      }
    },
    "node_modules/@girs/shew-0": {
      "version": "0.0.0-4.0.0-beta.38",
      "resolved": "https://registry.npmjs.org/@girs/shew-0/-/shew-0-0.0.0-4.0.0-beta.38.tgz",
      "integrity": "sha512-tNnIRXseBBrVXk2v5t5MkSM23sAcNvnUMrLLEJYyjn2iTmspImvIT/0s8obPkJk2rK+TwP3nlgPjJILkUDWnaw==",
      "license": "MIT",
      "dependencies": {
        "@girs/cairo-1.0": "1.0.0-4.0.0-beta.38",
        "@girs/freetype2-2.0": "2.0.0-4.0.0-beta.38",
        "@girs/gdk-4.0": "4.0.0-4.0.0-beta.38",
        "@girs/gdkpixbuf-2.0": "2.0.0-4.0.0-beta.38",
        "@girs/gio-2.0": "2.86.0-4.0.0-beta.38",
        "@girs/gjs": "4.0.0-beta.38",
        "@girs/glib-2.0": "2.86.0-4.0.0-beta.38",
        "@girs/gmodule-2.0": "2.0.0-4.0.0-beta.38",
        "@girs/gobject-2.0": "2.86.0-4.0.0-beta.38",
        "@girs/graphene-1.0": "1.0.0-4.0.0-beta.38",
        "@girs/gsk-4.0": "4.0.0-4.0.0-beta.38",
        "@girs/gtk-4.0": "4.20.1-4.0.0-beta.38",
        "@girs/harfbuzz-0.0": "11.5.0-4.0.0-beta.38",
        "@girs/pango-1.0": "1.57.0-4.0.0-beta.38",
        "@girs/pangocairo-1.0": "1.0.0-4.0.0-beta.38"
      }
    },
    "node_modules/@girs/st-17": {
      "version": "17.0.0-4.0.0-beta.38",
      "resolved": "https://registry.npmjs.org/@girs/st-17/-/st-17-17.0.0-4.0.0-beta.38.tgz",
      "integrity": "sha512-AGW+9E2SRZl1fD1q7iiDSaeR8AWV8zxYnlMixjoSGDP+MYiG2tb15l5dERZiszDUoIe0s8COvVbzfLp1ocSSlw==",
      "license": "MIT",
      "dependencies": {
        "@girs/atk-1.0": "2.58.0-4.0.0-beta.38",
        "@girs/cairo-1.0": "1.0.0-4.0.0-beta.38",
        "@girs/clutter-17": "17.0.0-4.0.0-beta.38",
        "@girs/cogl-17": "17.0.0-4.0.0-beta.38",
        "@girs/freetype2-2.0": "2.0.0-4.0.0-beta.38",
        "@girs/gdesktopenums-3.0": "3.0.0-4.0.0-beta.38",
        "@girs/gdkpixbuf-2.0": "2.0.0-4.0.0-beta.38",
        "@girs/gio-2.0": "2.86.0-4.0.0-beta.38",
        "@girs/gjs": "4.0.0-beta.38",
        "@girs/gl-1.0": "1.0.0-4.0.0-beta.38",
        "@girs/glib-2.0": "2.86.0-4.0.0-beta.38",
        "@girs/gmodule-2.0": "2.0.0-4.0.0-beta.38",
        "@girs/gobject-2.0": "2.86.0-4.0.0-beta.38",
        "@girs/graphene-1.0": "1.0.0-4.0.0-beta.38",
        "@girs/harfbuzz-0.0": "11.5.0-4.0.0-beta.38",
        "@girs/meta-17": "17.0.0-4.0.0-beta.38",
        "@girs/mtk-17": "17.0.0-4.0.0-beta.38",
        "@girs/pango-1.0": "1.57.0-4.0.0-beta.38",
        "@girs/xfixes-4.0": "4.0.0-4.0.0-beta.38",
        "@girs/xlib-2.0": "2.0.0-4.0.0-beta.38"
      }
    },
    "node_modules/@girs/upowerglib-1.0": {
      "version": "0.99.1-4.0.0-beta.38",
      "resolved": "https://registry.npmjs.org/@girs/upowerglib-1.0/-/upowerglib-1.0-0.99.1-4.0.0-beta.38.tgz",
      "integrity": "sha512-tZTnoX4S1HbmgwsZfSWrs3uD+KKPdNX+YkEiu9Zz92dt6dPopV0oHa+10auo06hPjZbwaUMgTlGZ9bofeQCw6Q==",
      "license": "MIT",
      "dependencies": {
        "@girs/gio-2.0": "2.86.0-4.0.0-beta.38",
        "@girs/gjs": "4.0.0-beta.38",
        "@girs/glib-2.0": "2.86.0-4.0.0-beta.38",
        "@girs/gmodule-2.0": "2.0.0-4.0.0-beta.38",
        "@girs/gobject-2.0": "2.86.0-4.0.0-beta.38"
      }
    },
    "node_modules/@girs/xfixes-4.0": {
      "version": "4.0.0-4.0.0-beta.38",
      "resolved": "https://registry.npmjs.org/@girs/xfixes-4.0/-/xfixes-4.0-4.0.0-4.0.0-beta.38.tgz",
      "integrity": "sha512-wca07voYv60UdTCCr8gPJ9GARR+GZyLu6grZZs/GftZ0w00VP3NQK2kJedi28EGwK3Row2nQtsCtQHZGrXH/VA==",
      "license": "MIT",
      "dependencies": {
        "@girs/gjs": "4.0.0-beta.38",
        "@girs/gobject-2.0": "2.86.0-4.0.0-beta.38"
      }
    },
    "node_modules/@girs/xlib-2.0": {
      "version": "2.0.0-4.0.0-beta.38",
      "resolved": "https://registry.npmjs.org/@girs/xlib-2.0/-/xlib-2.0-2.0.0-4.0.0-beta.38.tgz",
      "integrity": "sha512-PK3s6NowmlY65E/Y9BqwR1lVKsZSWQJm/za1I47SvL1IVWcEHYWRZdDtYZjfmbUlUqqKkfoMt+bUCmhmQk/eYQ==",
      "license": "MIT",
      "dependencies": {
        "@girs/gjs": "4.0.0-beta.38",
        "@girs/gobject-2.0": "2.86.0-4.0.0-beta.38"
      }
    },
    "node_modules/typescript": {
      "version": "5.9.3",
      "resolved": "https://registry.npmjs.org/typescript/-/typescript-5.9.3.tgz",
      "integrity": "sha512-jl1vZzPDinLr9eUt3J/t7V6FgNEw9QjvBPdysz9KfQDD41fQrC2Y4vKQdiaUpFT4bXlb1RHhLpp8wtm6M5TgSw==",
      "dev": true,
      "license": "Apache-2.0",
      "bin": {
        "tsc": "bin/tsc",
        "tsserver": "bin/tsserver"
      },
      "engines": {
        "node": ">=14.17"
      }
    }
  }
}
